
Microsoft Visual Studio Solution File, Format Version 12.00
# Visual Studio Version 16
VisualStudioVersion = 16.0.28803.352
MinimumVisualStudioVersion = 10.0.40219.1
Project("{2150E333-8FDC-42A3-9474-1A3956D46DE8}") = "src", "src", "{CA57389E-0F60-4A97-A97F-47C71492EC35}"
EndProject
Project("{2150E333-8FDC-42A3-9474-1A3956D46DE8}") = "test", "test", "{51750A27-B993-4FDA-9B03-DF95D59A7C6F}"
	ProjectSection(SolutionItems) = preProject
		test\.editorconfig = test\.editorconfig
	EndProjectSection
EndProject
Project("{9A19103F-16F7-4668-BE54-9A1E7A4F7556}") = "PlcInterface.OpcUa", "src\PlcInterface.OpcUa\PlcInterface.OpcUa.csproj", "{CF609F06-F1DA-4163-9577-B887F9FE3B3A}"
EndProject
Project("{9A19103F-16F7-4668-BE54-9A1E7A4F7556}") = "PlcInterface.Abstraction", "src\PlcInterface.Abstraction\PlcInterface.Abstraction.csproj", "{3E8066E3-40F3-4070-A503-72586426B173}"
EndProject
Project("{9A19103F-16F7-4668-BE54-9A1E7A4F7556}") = "PlcInterface.OpcUa.Tests", "test\PlcInterface.OpcUa.Tests\PlcInterface.OpcUa.Tests.csproj", "{7AE2A979-C3A3-4E34-82E9-4510FC3ECE65}"
EndProject
Project("{9A19103F-16F7-4668-BE54-9A1E7A4F7556}") = "PlcInterface.Ads", "src\PlcInterface.Ads\PlcInterface.Ads.csproj", "{CB892AC2-0871-48B6-ADDB-3F140C3EF68E}"
EndProject
Project("{9A19103F-16F7-4668-BE54-9A1E7A4F7556}") = "PlcInterface.Ads.Tests", "test\PlcInterface.Ads.Tests\PlcInterface.Ads.Tests.csproj", "{4A73D0C2-E2F9-47FB-814E-07F667CEDE22}"
EndProject
Project("{B1E792BE-AA5F-4E3C-8C82-674BF9C0715B}") = "PlcInterface.Ads.PLC", "test\PlcInterface.Ads.PLC\PlcInterface.Ads.PLC.tsproj", "{58D6B92E-B1EB-47DC-AEF1-D477D3A9D0E8}"
EndProject
Project("{9A19103F-16F7-4668-BE54-9A1E7A4F7556}") = "PlcInterface.Tests", "test\PlcInterface.Tests\PlcInterface.Tests.csproj", "{71FFF78E-DD02-44DC-9153-208EC22C15C2}"
EndProject
Project("{2150E333-8FDC-42A3-9474-1A3956D46DE8}") = "Solution Items", "Solution Items", "{312F1DED-6F69-4617-9C28-A9A51C8E1E14}"
	ProjectSection(SolutionItems) = preProject
		.editorconfig = .editorconfig
		.gitattributes = .gitattributes
		.gitignore = .gitignore
		Directory.Build.props = Directory.Build.props
		LICENSE.md = LICENSE.md
		version.json = version.json
	EndProjectSection
EndProject
Project("{BACAAE27-5D5D-4513-97FF-0FED82FEF961}") = "PlcInterface.OpcUa.OpcServer", "test\PlcInterface.OpcUa.OpcServer\PlcInterface.OpcUa.OpcServer.tcconnproj", "{C6B6E391-A9DA-4BAD-A62E-89651A65103D}"
EndProject
Project("{9A19103F-16F7-4668-BE54-9A1E7A4F7556}") = "PlcInterface.Abstraction.Tests", "test\PlcInterface.Abstraction\PlcInterface.Abstraction.Tests.csproj", "{54C196D2-4BD2-4D3B-805B-7BB0D9D9DFBF}"
EndProject
Project("{9A19103F-16F7-4668-BE54-9A1E7A4F7556}") = "PlcInterface.Sandbox", "src\PlcInterface.Sandbox\PlcInterface.Sandbox.csproj", "{9211DACF-F9F2-4FC7-90EA-54DDD30746AE}"
EndProject
Project("{9A19103F-16F7-4668-BE54-9A1E7A4F7556}") = "PlcInterface.Ads.IntegrationTests", "test\PlcInterface.Ads.IntegrationTests\PlcInterface.Ads.IntegrationTests.csproj", "{ADC25E02-895A-4367-967F-EB5DA5915E67}"
EndProject
Project("{9A19103F-16F7-4668-BE54-9A1E7A4F7556}") = "PlcInterface.Opc.IntegrationTests", "test\PlcInterface.Opc.IntegrationTests\PlcInterface.Opc.IntegrationTests.csproj", "{891FC975-646B-4790-B68C-63DC3B04E661}"
EndProject
Project("{9A19103F-16F7-4668-BE54-9A1E7A4F7556}") = "TestUtilities", "test\TestUtilities\TestUtilities.csproj", "{96785DFD-51DE-4F22-B13C-B0A072DEF0C3}"
EndProject
Global
	GlobalSection(SolutionConfigurationPlatforms) = preSolution
		Debug|Any CPU = Debug|Any CPU
		Debug|TwinCAT CE7 (ARMV7) = Debug|TwinCAT CE7 (ARMV7)
		Debug|TwinCAT OS (ARMT2) = Debug|TwinCAT OS (ARMT2)
		Debug|TwinCAT RT (x64) = Debug|TwinCAT RT (x64)
		Debug|TwinCAT RT (x86) = Debug|TwinCAT RT (x86)
		Release|Any CPU = Release|Any CPU
		Release|TwinCAT CE7 (ARMV7) = Release|TwinCAT CE7 (ARMV7)
		Release|TwinCAT OS (ARMT2) = Release|TwinCAT OS (ARMT2)
		Release|TwinCAT RT (x64) = Release|TwinCAT RT (x64)
		Release|TwinCAT RT (x86) = Release|TwinCAT RT (x86)
	EndGlobalSection
	GlobalSection(ProjectConfigurationPlatforms) = postSolution
		{CF609F06-F1DA-4163-9577-B887F9FE3B3A}.Debug|Any CPU.ActiveCfg = Debug|Any CPU
		{CF609F06-F1DA-4163-9577-B887F9FE3B3A}.Debug|Any CPU.Build.0 = Debug|Any CPU
		{CF609F06-F1DA-4163-9577-B887F9FE3B3A}.Debug|TwinCAT CE7 (ARMV7).ActiveCfg = Debug|Any CPU
		{CF609F06-F1DA-4163-9577-B887F9FE3B3A}.Debug|TwinCAT CE7 (ARMV7).Build.0 = Debug|Any CPU
		{CF609F06-F1DA-4163-9577-B887F9FE3B3A}.Debug|TwinCAT OS (ARMT2).ActiveCfg = Debug|Any CPU
		{CF609F06-F1DA-4163-9577-B887F9FE3B3A}.Debug|TwinCAT OS (ARMT2).Build.0 = Debug|Any CPU
		{CF609F06-F1DA-4163-9577-B887F9FE3B3A}.Debug|TwinCAT RT (x64).ActiveCfg = Debug|Any CPU
		{CF609F06-F1DA-4163-9577-B887F9FE3B3A}.Debug|TwinCAT RT (x64).Build.0 = Debug|Any CPU
		{CF609F06-F1DA-4163-9577-B887F9FE3B3A}.Debug|TwinCAT RT (x86).ActiveCfg = Debug|Any CPU
		{CF609F06-F1DA-4163-9577-B887F9FE3B3A}.Debug|TwinCAT RT (x86).Build.0 = Debug|Any CPU
		{CF609F06-F1DA-4163-9577-B887F9FE3B3A}.Release|Any CPU.ActiveCfg = Release|Any CPU
		{CF609F06-F1DA-4163-9577-B887F9FE3B3A}.Release|Any CPU.Build.0 = Release|Any CPU
		{CF609F06-F1DA-4163-9577-B887F9FE3B3A}.Release|TwinCAT CE7 (ARMV7).ActiveCfg = Release|Any CPU
		{CF609F06-F1DA-4163-9577-B887F9FE3B3A}.Release|TwinCAT CE7 (ARMV7).Build.0 = Release|Any CPU
		{CF609F06-F1DA-4163-9577-B887F9FE3B3A}.Release|TwinCAT OS (ARMT2).ActiveCfg = Release|Any CPU
		{CF609F06-F1DA-4163-9577-B887F9FE3B3A}.Release|TwinCAT OS (ARMT2).Build.0 = Release|Any CPU
		{CF609F06-F1DA-4163-9577-B887F9FE3B3A}.Release|TwinCAT RT (x64).ActiveCfg = Release|Any CPU
		{CF609F06-F1DA-4163-9577-B887F9FE3B3A}.Release|TwinCAT RT (x64).Build.0 = Release|Any CPU
		{CF609F06-F1DA-4163-9577-B887F9FE3B3A}.Release|TwinCAT RT (x86).ActiveCfg = Release|Any CPU
		{CF609F06-F1DA-4163-9577-B887F9FE3B3A}.Release|TwinCAT RT (x86).Build.0 = Release|Any CPU
		{3E8066E3-40F3-4070-A503-72586426B173}.Debug|Any CPU.ActiveCfg = Debug|Any CPU
		{3E8066E3-40F3-4070-A503-72586426B173}.Debug|Any CPU.Build.0 = Debug|Any CPU
		{3E8066E3-40F3-4070-A503-72586426B173}.Debug|TwinCAT CE7 (ARMV7).ActiveCfg = Debug|Any CPU
		{3E8066E3-40F3-4070-A503-72586426B173}.Debug|TwinCAT CE7 (ARMV7).Build.0 = Debug|Any CPU
		{3E8066E3-40F3-4070-A503-72586426B173}.Debug|TwinCAT OS (ARMT2).ActiveCfg = Debug|Any CPU
		{3E8066E3-40F3-4070-A503-72586426B173}.Debug|TwinCAT OS (ARMT2).Build.0 = Debug|Any CPU
		{3E8066E3-40F3-4070-A503-72586426B173}.Debug|TwinCAT RT (x64).ActiveCfg = Debug|Any CPU
		{3E8066E3-40F3-4070-A503-72586426B173}.Debug|TwinCAT RT (x64).Build.0 = Debug|Any CPU
		{3E8066E3-40F3-4070-A503-72586426B173}.Debug|TwinCAT RT (x86).ActiveCfg = Debug|Any CPU
		{3E8066E3-40F3-4070-A503-72586426B173}.Debug|TwinCAT RT (x86).Build.0 = Debug|Any CPU
		{3E8066E3-40F3-4070-A503-72586426B173}.Release|Any CPU.ActiveCfg = Release|Any CPU
		{3E8066E3-40F3-4070-A503-72586426B173}.Release|Any CPU.Build.0 = Release|Any CPU
		{3E8066E3-40F3-4070-A503-72586426B173}.Release|TwinCAT CE7 (ARMV7).ActiveCfg = Release|Any CPU
		{3E8066E3-40F3-4070-A503-72586426B173}.Release|TwinCAT CE7 (ARMV7).Build.0 = Release|Any CPU
		{3E8066E3-40F3-4070-A503-72586426B173}.Release|TwinCAT OS (ARMT2).ActiveCfg = Release|Any CPU
		{3E8066E3-40F3-4070-A503-72586426B173}.Release|TwinCAT OS (ARMT2).Build.0 = Release|Any CPU
		{3E8066E3-40F3-4070-A503-72586426B173}.Release|TwinCAT RT (x64).ActiveCfg = Release|Any CPU
		{3E8066E3-40F3-4070-A503-72586426B173}.Release|TwinCAT RT (x64).Build.0 = Release|Any CPU
		{3E8066E3-40F3-4070-A503-72586426B173}.Release|TwinCAT RT (x86).ActiveCfg = Release|Any CPU
		{3E8066E3-40F3-4070-A503-72586426B173}.Release|TwinCAT RT (x86).Build.0 = Release|Any CPU
		{7AE2A979-C3A3-4E34-82E9-4510FC3ECE65}.Debug|Any CPU.ActiveCfg = Debug|Any CPU
		{7AE2A979-C3A3-4E34-82E9-4510FC3ECE65}.Debug|Any CPU.Build.0 = Debug|Any CPU
		{7AE2A979-C3A3-4E34-82E9-4510FC3ECE65}.Debug|TwinCAT CE7 (ARMV7).ActiveCfg = Debug|Any CPU
		{7AE2A979-C3A3-4E34-82E9-4510FC3ECE65}.Debug|TwinCAT CE7 (ARMV7).Build.0 = Debug|Any CPU
		{7AE2A979-C3A3-4E34-82E9-4510FC3ECE65}.Debug|TwinCAT OS (ARMT2).ActiveCfg = Debug|Any CPU
		{7AE2A979-C3A3-4E34-82E9-4510FC3ECE65}.Debug|TwinCAT OS (ARMT2).Build.0 = Debug|Any CPU
		{7AE2A979-C3A3-4E34-82E9-4510FC3ECE65}.Debug|TwinCAT RT (x64).ActiveCfg = Debug|Any CPU
		{7AE2A979-C3A3-4E34-82E9-4510FC3ECE65}.Debug|TwinCAT RT (x64).Build.0 = Debug|Any CPU
		{7AE2A979-C3A3-4E34-82E9-4510FC3ECE65}.Debug|TwinCAT RT (x86).ActiveCfg = Debug|Any CPU
		{7AE2A979-C3A3-4E34-82E9-4510FC3ECE65}.Debug|TwinCAT RT (x86).Build.0 = Debug|Any CPU
		{7AE2A979-C3A3-4E34-82E9-4510FC3ECE65}.Release|Any CPU.ActiveCfg = Release|Any CPU
		{7AE2A979-C3A3-4E34-82E9-4510FC3ECE65}.Release|Any CPU.Build.0 = Release|Any CPU
		{7AE2A979-C3A3-4E34-82E9-4510FC3ECE65}.Release|TwinCAT CE7 (ARMV7).ActiveCfg = Release|Any CPU
		{7AE2A979-C3A3-4E34-82E9-4510FC3ECE65}.Release|TwinCAT CE7 (ARMV7).Build.0 = Release|Any CPU
		{7AE2A979-C3A3-4E34-82E9-4510FC3ECE65}.Release|TwinCAT OS (ARMT2).ActiveCfg = Release|Any CPU
		{7AE2A979-C3A3-4E34-82E9-4510FC3ECE65}.Release|TwinCAT OS (ARMT2).Build.0 = Release|Any CPU
		{7AE2A979-C3A3-4E34-82E9-4510FC3ECE65}.Release|TwinCAT RT (x64).ActiveCfg = Release|Any CPU
		{7AE2A979-C3A3-4E34-82E9-4510FC3ECE65}.Release|TwinCAT RT (x64).Build.0 = Release|Any CPU
		{7AE2A979-C3A3-4E34-82E9-4510FC3ECE65}.Release|TwinCAT RT (x86).ActiveCfg = Release|Any CPU
		{7AE2A979-C3A3-4E34-82E9-4510FC3ECE65}.Release|TwinCAT RT (x86).Build.0 = Release|Any CPU
		{CB892AC2-0871-48B6-ADDB-3F140C3EF68E}.Debug|Any CPU.ActiveCfg = Debug|Any CPU
		{CB892AC2-0871-48B6-ADDB-3F140C3EF68E}.Debug|Any CPU.Build.0 = Debug|Any CPU
		{CB892AC2-0871-48B6-ADDB-3F140C3EF68E}.Debug|TwinCAT CE7 (ARMV7).ActiveCfg = Debug|Any CPU
		{CB892AC2-0871-48B6-ADDB-3F140C3EF68E}.Debug|TwinCAT CE7 (ARMV7).Build.0 = Debug|Any CPU
		{CB892AC2-0871-48B6-ADDB-3F140C3EF68E}.Debug|TwinCAT OS (ARMT2).ActiveCfg = Debug|Any CPU
		{CB892AC2-0871-48B6-ADDB-3F140C3EF68E}.Debug|TwinCAT OS (ARMT2).Build.0 = Debug|Any CPU
		{CB892AC2-0871-48B6-ADDB-3F140C3EF68E}.Debug|TwinCAT RT (x64).ActiveCfg = Debug|Any CPU
		{CB892AC2-0871-48B6-ADDB-3F140C3EF68E}.Debug|TwinCAT RT (x64).Build.0 = Debug|Any CPU
		{CB892AC2-0871-48B6-ADDB-3F140C3EF68E}.Debug|TwinCAT RT (x86).ActiveCfg = Debug|Any CPU
		{CB892AC2-0871-48B6-ADDB-3F140C3EF68E}.Debug|TwinCAT RT (x86).Build.0 = Debug|Any CPU
		{CB892AC2-0871-48B6-ADDB-3F140C3EF68E}.Release|Any CPU.ActiveCfg = Release|Any CPU
		{CB892AC2-0871-48B6-ADDB-3F140C3EF68E}.Release|Any CPU.Build.0 = Release|Any CPU
		{CB892AC2-0871-48B6-ADDB-3F140C3EF68E}.Release|TwinCAT CE7 (ARMV7).ActiveCfg = Release|Any CPU
		{CB892AC2-0871-48B6-ADDB-3F140C3EF68E}.Release|TwinCAT CE7 (ARMV7).Build.0 = Release|Any CPU
		{CB892AC2-0871-48B6-ADDB-3F140C3EF68E}.Release|TwinCAT OS (ARMT2).ActiveCfg = Release|Any CPU
		{CB892AC2-0871-48B6-ADDB-3F140C3EF68E}.Release|TwinCAT OS (ARMT2).Build.0 = Release|Any CPU
		{CB892AC2-0871-48B6-ADDB-3F140C3EF68E}.Release|TwinCAT RT (x64).ActiveCfg = Release|Any CPU
		{CB892AC2-0871-48B6-ADDB-3F140C3EF68E}.Release|TwinCAT RT (x64).Build.0 = Release|Any CPU
		{CB892AC2-0871-48B6-ADDB-3F140C3EF68E}.Release|TwinCAT RT (x86).ActiveCfg = Release|Any CPU
		{CB892AC2-0871-48B6-ADDB-3F140C3EF68E}.Release|TwinCAT RT (x86).Build.0 = Release|Any CPU
		{4A73D0C2-E2F9-47FB-814E-07F667CEDE22}.Debug|Any CPU.ActiveCfg = Debug|Any CPU
		{4A73D0C2-E2F9-47FB-814E-07F667CEDE22}.Debug|Any CPU.Build.0 = Debug|Any CPU
		{4A73D0C2-E2F9-47FB-814E-07F667CEDE22}.Debug|TwinCAT CE7 (ARMV7).ActiveCfg = Debug|Any CPU
		{4A73D0C2-E2F9-47FB-814E-07F667CEDE22}.Debug|TwinCAT CE7 (ARMV7).Build.0 = Debug|Any CPU
		{4A73D0C2-E2F9-47FB-814E-07F667CEDE22}.Debug|TwinCAT OS (ARMT2).ActiveCfg = Debug|Any CPU
		{4A73D0C2-E2F9-47FB-814E-07F667CEDE22}.Debug|TwinCAT OS (ARMT2).Build.0 = Debug|Any CPU
		{4A73D0C2-E2F9-47FB-814E-07F667CEDE22}.Debug|TwinCAT RT (x64).ActiveCfg = Debug|Any CPU
		{4A73D0C2-E2F9-47FB-814E-07F667CEDE22}.Debug|TwinCAT RT (x64).Build.0 = Debug|Any CPU
		{4A73D0C2-E2F9-47FB-814E-07F667CEDE22}.Debug|TwinCAT RT (x86).ActiveCfg = Debug|Any CPU
		{4A73D0C2-E2F9-47FB-814E-07F667CEDE22}.Debug|TwinCAT RT (x86).Build.0 = Debug|Any CPU
		{4A73D0C2-E2F9-47FB-814E-07F667CEDE22}.Release|Any CPU.ActiveCfg = Release|Any CPU
		{4A73D0C2-E2F9-47FB-814E-07F667CEDE22}.Release|Any CPU.Build.0 = Release|Any CPU
		{4A73D0C2-E2F9-47FB-814E-07F667CEDE22}.Release|TwinCAT CE7 (ARMV7).ActiveCfg = Release|Any CPU
		{4A73D0C2-E2F9-47FB-814E-07F667CEDE22}.Release|TwinCAT CE7 (ARMV7).Build.0 = Release|Any CPU
		{4A73D0C2-E2F9-47FB-814E-07F667CEDE22}.Release|TwinCAT OS (ARMT2).ActiveCfg = Release|Any CPU
		{4A73D0C2-E2F9-47FB-814E-07F667CEDE22}.Release|TwinCAT OS (ARMT2).Build.0 = Release|Any CPU
		{4A73D0C2-E2F9-47FB-814E-07F667CEDE22}.Release|TwinCAT RT (x64).ActiveCfg = Release|Any CPU
		{4A73D0C2-E2F9-47FB-814E-07F667CEDE22}.Release|TwinCAT RT (x64).Build.0 = Release|Any CPU
		{4A73D0C2-E2F9-47FB-814E-07F667CEDE22}.Release|TwinCAT RT (x86).ActiveCfg = Release|Any CPU
		{4A73D0C2-E2F9-47FB-814E-07F667CEDE22}.Release|TwinCAT RT (x86).Build.0 = Release|Any CPU
		{58D6B92E-B1EB-47DC-AEF1-D477D3A9D0E8}.Debug|Any CPU.ActiveCfg = Debug|TwinCAT RT (x64)
		{58D6B92E-B1EB-47DC-AEF1-D477D3A9D0E8}.Debug|Any CPU.Build.0 = Debug|TwinCAT RT (x64)
		{58D6B92E-B1EB-47DC-AEF1-D477D3A9D0E8}.Debug|TwinCAT CE7 (ARMV7).ActiveCfg = Debug|TwinCAT CE7 (ARMV7)
		{58D6B92E-B1EB-47DC-AEF1-D477D3A9D0E8}.Debug|TwinCAT CE7 (ARMV7).Build.0 = Debug|TwinCAT CE7 (ARMV7)
		{58D6B92E-B1EB-47DC-AEF1-D477D3A9D0E8}.Debug|TwinCAT OS (ARMT2).ActiveCfg = Debug|TwinCAT OS (ARMT2)
		{58D6B92E-B1EB-47DC-AEF1-D477D3A9D0E8}.Debug|TwinCAT OS (ARMT2).Build.0 = Debug|TwinCAT OS (ARMT2)
		{58D6B92E-B1EB-47DC-AEF1-D477D3A9D0E8}.Debug|TwinCAT RT (x64).ActiveCfg = Debug|TwinCAT RT (x64)
		{58D6B92E-B1EB-47DC-AEF1-D477D3A9D0E8}.Debug|TwinCAT RT (x64).Build.0 = Debug|TwinCAT RT (x64)
		{58D6B92E-B1EB-47DC-AEF1-D477D3A9D0E8}.Debug|TwinCAT RT (x86).ActiveCfg = Debug|TwinCAT RT (x86)
		{58D6B92E-B1EB-47DC-AEF1-D477D3A9D0E8}.Debug|TwinCAT RT (x86).Build.0 = Debug|TwinCAT RT (x86)
		{58D6B92E-B1EB-47DC-AEF1-D477D3A9D0E8}.Release|Any CPU.ActiveCfg = Release|TwinCAT RT (x64)
		{58D6B92E-B1EB-47DC-AEF1-D477D3A9D0E8}.Release|Any CPU.Build.0 = Release|TwinCAT RT (x64)
		{58D6B92E-B1EB-47DC-AEF1-D477D3A9D0E8}.Release|TwinCAT CE7 (ARMV7).ActiveCfg = Release|TwinCAT CE7 (ARMV7)
		{58D6B92E-B1EB-47DC-AEF1-D477D3A9D0E8}.Release|TwinCAT CE7 (ARMV7).Build.0 = Release|TwinCAT CE7 (ARMV7)
		{58D6B92E-B1EB-47DC-AEF1-D477D3A9D0E8}.Release|TwinCAT OS (ARMT2).ActiveCfg = Release|TwinCAT OS (ARMT2)
		{58D6B92E-B1EB-47DC-AEF1-D477D3A9D0E8}.Release|TwinCAT OS (ARMT2).Build.0 = Release|TwinCAT OS (ARMT2)
		{58D6B92E-B1EB-47DC-AEF1-D477D3A9D0E8}.Release|TwinCAT RT (x64).ActiveCfg = Release|TwinCAT RT (x64)
		{58D6B92E-B1EB-47DC-AEF1-D477D3A9D0E8}.Release|TwinCAT RT (x64).Build.0 = Release|TwinCAT RT (x64)
		{58D6B92E-B1EB-47DC-AEF1-D477D3A9D0E8}.Release|TwinCAT RT (x86).ActiveCfg = Release|TwinCAT RT (x86)
		{58D6B92E-B1EB-47DC-AEF1-D477D3A9D0E8}.Release|TwinCAT RT (x86).Build.0 = Release|TwinCAT RT (x86)
		{71FFF78E-DD02-44DC-9153-208EC22C15C2}.Debug|Any CPU.ActiveCfg = Debug|Any CPU
		{71FFF78E-DD02-44DC-9153-208EC22C15C2}.Debug|Any CPU.Build.0 = Debug|Any CPU
		{71FFF78E-DD02-44DC-9153-208EC22C15C2}.Debug|TwinCAT CE7 (ARMV7).ActiveCfg = Debug|Any CPU
		{71FFF78E-DD02-44DC-9153-208EC22C15C2}.Debug|TwinCAT CE7 (ARMV7).Build.0 = Debug|Any CPU
		{71FFF78E-DD02-44DC-9153-208EC22C15C2}.Debug|TwinCAT OS (ARMT2).ActiveCfg = Debug|Any CPU
		{71FFF78E-DD02-44DC-9153-208EC22C15C2}.Debug|TwinCAT OS (ARMT2).Build.0 = Debug|Any CPU
		{71FFF78E-DD02-44DC-9153-208EC22C15C2}.Debug|TwinCAT RT (x64).ActiveCfg = Debug|Any CPU
		{71FFF78E-DD02-44DC-9153-208EC22C15C2}.Debug|TwinCAT RT (x64).Build.0 = Debug|Any CPU
		{71FFF78E-DD02-44DC-9153-208EC22C15C2}.Debug|TwinCAT RT (x86).ActiveCfg = Debug|Any CPU
		{71FFF78E-DD02-44DC-9153-208EC22C15C2}.Debug|TwinCAT RT (x86).Build.0 = Debug|Any CPU
		{71FFF78E-DD02-44DC-9153-208EC22C15C2}.Release|Any CPU.ActiveCfg = Release|Any CPU
		{71FFF78E-DD02-44DC-9153-208EC22C15C2}.Release|Any CPU.Build.0 = Release|Any CPU
		{71FFF78E-DD02-44DC-9153-208EC22C15C2}.Release|TwinCAT CE7 (ARMV7).ActiveCfg = Release|Any CPU
		{71FFF78E-DD02-44DC-9153-208EC22C15C2}.Release|TwinCAT CE7 (ARMV7).Build.0 = Release|Any CPU
		{71FFF78E-DD02-44DC-9153-208EC22C15C2}.Release|TwinCAT OS (ARMT2).ActiveCfg = Release|Any CPU
		{71FFF78E-DD02-44DC-9153-208EC22C15C2}.Release|TwinCAT OS (ARMT2).Build.0 = Release|Any CPU
		{71FFF78E-DD02-44DC-9153-208EC22C15C2}.Release|TwinCAT RT (x64).ActiveCfg = Release|Any CPU
		{71FFF78E-DD02-44DC-9153-208EC22C15C2}.Release|TwinCAT RT (x64).Build.0 = Release|Any CPU
		{71FFF78E-DD02-44DC-9153-208EC22C15C2}.Release|TwinCAT RT (x86).ActiveCfg = Release|Any CPU
		{71FFF78E-DD02-44DC-9153-208EC22C15C2}.Release|TwinCAT RT (x86).Build.0 = Release|Any CPU
		{C6B6E391-A9DA-4BAD-A62E-89651A65103D}.Debug|Any CPU.ActiveCfg = Debug|TwinCAT RT (x64)
		{C6B6E391-A9DA-4BAD-A62E-89651A65103D}.Debug|TwinCAT CE7 (ARMV7).ActiveCfg = Debug|TwinCAT CE7 (ARMV7)
		{C6B6E391-A9DA-4BAD-A62E-89651A65103D}.Debug|TwinCAT OS (ARMT2).ActiveCfg = Debug|TwinCAT OS (ARMT2)
		{C6B6E391-A9DA-4BAD-A62E-89651A65103D}.Debug|TwinCAT RT (x64).ActiveCfg = Debug|TwinCAT RT (x64)
		{C6B6E391-A9DA-4BAD-A62E-89651A65103D}.Debug|TwinCAT RT (x86).ActiveCfg = Debug|TwinCAT RT (x86)
		{C6B6E391-A9DA-4BAD-A62E-89651A65103D}.Release|Any CPU.ActiveCfg = Release|TwinCAT RT (x86)
		{C6B6E391-A9DA-4BAD-A62E-89651A65103D}.Release|TwinCAT CE7 (ARMV7).ActiveCfg = Release|TwinCAT CE7 (ARMV7)
		{C6B6E391-A9DA-4BAD-A62E-89651A65103D}.Release|TwinCAT OS (ARMT2).ActiveCfg = Release|TwinCAT OS (ARMT2)
		{C6B6E391-A9DA-4BAD-A62E-89651A65103D}.Release|TwinCAT RT (x64).ActiveCfg = Release|TwinCAT RT (x64)
		{C6B6E391-A9DA-4BAD-A62E-89651A65103D}.Release|TwinCAT RT (x86).ActiveCfg = Release|TwinCAT RT (x86)
		{54C196D2-4BD2-4D3B-805B-7BB0D9D9DFBF}.Debug|Any CPU.ActiveCfg = Debug|Any CPU
		{54C196D2-4BD2-4D3B-805B-7BB0D9D9DFBF}.Debug|Any CPU.Build.0 = Debug|Any CPU
		{54C196D2-4BD2-4D3B-805B-7BB0D9D9DFBF}.Debug|TwinCAT CE7 (ARMV7).ActiveCfg = Debug|Any CPU
		{54C196D2-4BD2-4D3B-805B-7BB0D9D9DFBF}.Debug|TwinCAT CE7 (ARMV7).Build.0 = Debug|Any CPU
		{54C196D2-4BD2-4D3B-805B-7BB0D9D9DFBF}.Debug|TwinCAT OS (ARMT2).ActiveCfg = Debug|Any CPU
		{54C196D2-4BD2-4D3B-805B-7BB0D9D9DFBF}.Debug|TwinCAT OS (ARMT2).Build.0 = Debug|Any CPU
		{54C196D2-4BD2-4D3B-805B-7BB0D9D9DFBF}.Debug|TwinCAT RT (x64).ActiveCfg = Debug|Any CPU
		{54C196D2-4BD2-4D3B-805B-7BB0D9D9DFBF}.Debug|TwinCAT RT (x64).Build.0 = Debug|Any CPU
		{54C196D2-4BD2-4D3B-805B-7BB0D9D9DFBF}.Debug|TwinCAT RT (x86).ActiveCfg = Debug|Any CPU
		{54C196D2-4BD2-4D3B-805B-7BB0D9D9DFBF}.Debug|TwinCAT RT (x86).Build.0 = Debug|Any CPU
		{54C196D2-4BD2-4D3B-805B-7BB0D9D9DFBF}.Release|Any CPU.ActiveCfg = Release|Any CPU
		{54C196D2-4BD2-4D3B-805B-7BB0D9D9DFBF}.Release|Any CPU.Build.0 = Release|Any CPU
		{54C196D2-4BD2-4D3B-805B-7BB0D9D9DFBF}.Release|TwinCAT CE7 (ARMV7).ActiveCfg = Release|Any CPU
		{54C196D2-4BD2-4D3B-805B-7BB0D9D9DFBF}.Release|TwinCAT CE7 (ARMV7).Build.0 = Release|Any CPU
		{54C196D2-4BD2-4D3B-805B-7BB0D9D9DFBF}.Release|TwinCAT OS (ARMT2).ActiveCfg = Release|Any CPU
		{54C196D2-4BD2-4D3B-805B-7BB0D9D9DFBF}.Release|TwinCAT OS (ARMT2).Build.0 = Release|Any CPU
		{54C196D2-4BD2-4D3B-805B-7BB0D9D9DFBF}.Release|TwinCAT RT (x64).ActiveCfg = Release|Any CPU
		{54C196D2-4BD2-4D3B-805B-7BB0D9D9DFBF}.Release|TwinCAT RT (x64).Build.0 = Release|Any CPU
		{54C196D2-4BD2-4D3B-805B-7BB0D9D9DFBF}.Release|TwinCAT RT (x86).ActiveCfg = Release|Any CPU
		{54C196D2-4BD2-4D3B-805B-7BB0D9D9DFBF}.Release|TwinCAT RT (x86).Build.0 = Release|Any CPU
		{9211DACF-F9F2-4FC7-90EA-54DDD30746AE}.Debug|Any CPU.ActiveCfg = Debug|Any CPU
		{9211DACF-F9F2-4FC7-90EA-54DDD30746AE}.Debug|Any CPU.Build.0 = Debug|Any CPU
		{9211DACF-F9F2-4FC7-90EA-54DDD30746AE}.Debug|TwinCAT CE7 (ARMV7).ActiveCfg = Debug|Any CPU
		{9211DACF-F9F2-4FC7-90EA-54DDD30746AE}.Debug|TwinCAT CE7 (ARMV7).Build.0 = Debug|Any CPU
		{9211DACF-F9F2-4FC7-90EA-54DDD30746AE}.Debug|TwinCAT OS (ARMT2).ActiveCfg = Debug|Any CPU
		{9211DACF-F9F2-4FC7-90EA-54DDD30746AE}.Debug|TwinCAT OS (ARMT2).Build.0 = Debug|Any CPU
		{9211DACF-F9F2-4FC7-90EA-54DDD30746AE}.Debug|TwinCAT RT (x64).ActiveCfg = Debug|Any CPU
		{9211DACF-F9F2-4FC7-90EA-54DDD30746AE}.Debug|TwinCAT RT (x64).Build.0 = Debug|Any CPU
		{9211DACF-F9F2-4FC7-90EA-54DDD30746AE}.Debug|TwinCAT RT (x86).ActiveCfg = Debug|Any CPU
		{9211DACF-F9F2-4FC7-90EA-54DDD30746AE}.Debug|TwinCAT RT (x86).Build.0 = Debug|Any CPU
		{9211DACF-F9F2-4FC7-90EA-54DDD30746AE}.Release|Any CPU.ActiveCfg = Release|Any CPU
		{9211DACF-F9F2-4FC7-90EA-54DDD30746AE}.Release|Any CPU.Build.0 = Release|Any CPU
		{9211DACF-F9F2-4FC7-90EA-54DDD30746AE}.Release|TwinCAT CE7 (ARMV7).ActiveCfg = Release|Any CPU
		{9211DACF-F9F2-4FC7-90EA-54DDD30746AE}.Release|TwinCAT CE7 (ARMV7).Build.0 = Release|Any CPU
		{9211DACF-F9F2-4FC7-90EA-54DDD30746AE}.Release|TwinCAT OS (ARMT2).ActiveCfg = Release|Any CPU
		{9211DACF-F9F2-4FC7-90EA-54DDD30746AE}.Release|TwinCAT OS (ARMT2).Build.0 = Release|Any CPU
		{9211DACF-F9F2-4FC7-90EA-54DDD30746AE}.Release|TwinCAT RT (x64).ActiveCfg = Release|Any CPU
		{9211DACF-F9F2-4FC7-90EA-54DDD30746AE}.Release|TwinCAT RT (x64).Build.0 = Release|Any CPU
		{9211DACF-F9F2-4FC7-90EA-54DDD30746AE}.Release|TwinCAT RT (x86).ActiveCfg = Release|Any CPU
		{9211DACF-F9F2-4FC7-90EA-54DDD30746AE}.Release|TwinCAT RT (x86).Build.0 = Release|Any CPU
		{ADC25E02-895A-4367-967F-EB5DA5915E67}.Debug|Any CPU.ActiveCfg = Debug|Any CPU
		{ADC25E02-895A-4367-967F-EB5DA5915E67}.Debug|Any CPU.Build.0 = Debug|Any CPU
		{ADC25E02-895A-4367-967F-EB5DA5915E67}.Debug|TwinCAT CE7 (ARMV7).ActiveCfg = Debug|Any CPU
		{ADC25E02-895A-4367-967F-EB5DA5915E67}.Debug|TwinCAT CE7 (ARMV7).Build.0 = Debug|Any CPU
		{ADC25E02-895A-4367-967F-EB5DA5915E67}.Debug|TwinCAT OS (ARMT2).ActiveCfg = Debug|Any CPU
		{ADC25E02-895A-4367-967F-EB5DA5915E67}.Debug|TwinCAT OS (ARMT2).Build.0 = Debug|Any CPU
		{ADC25E02-895A-4367-967F-EB5DA5915E67}.Debug|TwinCAT RT (x64).ActiveCfg = Debug|Any CPU
		{ADC25E02-895A-4367-967F-EB5DA5915E67}.Debug|TwinCAT RT (x64).Build.0 = Debug|Any CPU
		{ADC25E02-895A-4367-967F-EB5DA5915E67}.Debug|TwinCAT RT (x86).ActiveCfg = Debug|Any CPU
		{ADC25E02-895A-4367-967F-EB5DA5915E67}.Debug|TwinCAT RT (x86).Build.0 = Debug|Any CPU
		{ADC25E02-895A-4367-967F-EB5DA5915E67}.Release|Any CPU.ActiveCfg = Release|Any CPU
		{ADC25E02-895A-4367-967F-EB5DA5915E67}.Release|Any CPU.Build.0 = Release|Any CPU
		{ADC25E02-895A-4367-967F-EB5DA5915E67}.Release|TwinCAT CE7 (ARMV7).ActiveCfg = Release|Any CPU
		{ADC25E02-895A-4367-967F-EB5DA5915E67}.Release|TwinCAT CE7 (ARMV7).Build.0 = Release|Any CPU
		{ADC25E02-895A-4367-967F-EB5DA5915E67}.Release|TwinCAT OS (ARMT2).ActiveCfg = Release|Any CPU
		{ADC25E02-895A-4367-967F-EB5DA5915E67}.Release|TwinCAT OS (ARMT2).Build.0 = Release|Any CPU
		{ADC25E02-895A-4367-967F-EB5DA5915E67}.Release|TwinCAT RT (x64).ActiveCfg = Release|Any CPU
		{ADC25E02-895A-4367-967F-EB5DA5915E67}.Release|TwinCAT RT (x64).Build.0 = Release|Any CPU
		{ADC25E02-895A-4367-967F-EB5DA5915E67}.Release|TwinCAT RT (x86).ActiveCfg = Release|Any CPU
		{ADC25E02-895A-4367-967F-EB5DA5915E67}.Release|TwinCAT RT (x86).Build.0 = Release|Any CPU
		{891FC975-646B-4790-B68C-63DC3B04E661}.Debug|Any CPU.ActiveCfg = Debug|Any CPU
		{891FC975-646B-4790-B68C-63DC3B04E661}.Debug|Any CPU.Build.0 = Debug|Any CPU
		{891FC975-646B-4790-B68C-63DC3B04E661}.Debug|TwinCAT CE7 (ARMV7).ActiveCfg = Debug|Any CPU
		{891FC975-646B-4790-B68C-63DC3B04E661}.Debug|TwinCAT CE7 (ARMV7).Build.0 = Debug|Any CPU
		{891FC975-646B-4790-B68C-63DC3B04E661}.Debug|TwinCAT OS (ARMT2).ActiveCfg = Debug|Any CPU
		{891FC975-646B-4790-B68C-63DC3B04E661}.Debug|TwinCAT OS (ARMT2).Build.0 = Debug|Any CPU
		{891FC975-646B-4790-B68C-63DC3B04E661}.Debug|TwinCAT RT (x64).ActiveCfg = Debug|Any CPU
		{891FC975-646B-4790-B68C-63DC3B04E661}.Debug|TwinCAT RT (x64).Build.0 = Debug|Any CPU
		{891FC975-646B-4790-B68C-63DC3B04E661}.Debug|TwinCAT RT (x86).ActiveCfg = Debug|Any CPU
		{891FC975-646B-4790-B68C-63DC3B04E661}.Debug|TwinCAT RT (x86).Build.0 = Debug|Any CPU
		{891FC975-646B-4790-B68C-63DC3B04E661}.Release|Any CPU.ActiveCfg = Release|Any CPU
		{891FC975-646B-4790-B68C-63DC3B04E661}.Release|Any CPU.Build.0 = Release|Any CPU
		{891FC975-646B-4790-B68C-63DC3B04E661}.Release|TwinCAT CE7 (ARMV7).ActiveCfg = Release|Any CPU
		{891FC975-646B-4790-B68C-63DC3B04E661}.Release|TwinCAT CE7 (ARMV7).Build.0 = Release|Any CPU
		{891FC975-646B-4790-B68C-63DC3B04E661}.Release|TwinCAT OS (ARMT2).ActiveCfg = Release|Any CPU
		{891FC975-646B-4790-B68C-63DC3B04E661}.Release|TwinCAT OS (ARMT2).Build.0 = Release|Any CPU
		{891FC975-646B-4790-B68C-63DC3B04E661}.Release|TwinCAT RT (x64).ActiveCfg = Release|Any CPU
		{891FC975-646B-4790-B68C-63DC3B04E661}.Release|TwinCAT RT (x64).Build.0 = Release|Any CPU
		{891FC975-646B-4790-B68C-63DC3B04E661}.Release|TwinCAT RT (x86).ActiveCfg = Release|Any CPU
		{891FC975-646B-4790-B68C-63DC3B04E661}.Release|TwinCAT RT (x86).Build.0 = Release|Any CPU
		{96785DFD-51DE-4F22-B13C-B0A072DEF0C3}.Debug|Any CPU.ActiveCfg = Debug|Any CPU
		{96785DFD-51DE-4F22-B13C-B0A072DEF0C3}.Debug|Any CPU.Build.0 = Debug|Any CPU
		{96785DFD-51DE-4F22-B13C-B0A072DEF0C3}.Debug|TwinCAT CE7 (ARMV7).ActiveCfg = Debug|Any CPU
		{96785DFD-51DE-4F22-B13C-B0A072DEF0C3}.Debug|TwinCAT CE7 (ARMV7).Build.0 = Debug|Any CPU
		{96785DFD-51DE-4F22-B13C-B0A072DEF0C3}.Debug|TwinCAT OS (ARMT2).ActiveCfg = Debug|Any CPU
		{96785DFD-51DE-4F22-B13C-B0A072DEF0C3}.Debug|TwinCAT OS (ARMT2).Build.0 = Debug|Any CPU
		{96785DFD-51DE-4F22-B13C-B0A072DEF0C3}.Debug|TwinCAT RT (x64).ActiveCfg = Debug|Any CPU
		{96785DFD-51DE-4F22-B13C-B0A072DEF0C3}.Debug|TwinCAT RT (x64).Build.0 = Debug|Any CPU
		{96785DFD-51DE-4F22-B13C-B0A072DEF0C3}.Debug|TwinCAT RT (x86).ActiveCfg = Debug|Any CPU
		{96785DFD-51DE-4F22-B13C-B0A072DEF0C3}.Debug|TwinCAT RT (x86).Build.0 = Debug|Any CPU
		{96785DFD-51DE-4F22-B13C-B0A072DEF0C3}.Release|Any CPU.ActiveCfg = Release|Any CPU
		{96785DFD-51DE-4F22-B13C-B0A072DEF0C3}.Release|Any CPU.Build.0 = Release|Any CPU
		{96785DFD-51DE-4F22-B13C-B0A072DEF0C3}.Release|TwinCAT CE7 (ARMV7).ActiveCfg = Release|Any CPU
		{96785DFD-51DE-4F22-B13C-B0A072DEF0C3}.Release|TwinCAT CE7 (ARMV7).Build.0 = Release|Any CPU
		{96785DFD-51DE-4F22-B13C-B0A072DEF0C3}.Release|TwinCAT OS (ARMT2).ActiveCfg = Release|Any CPU
		{96785DFD-51DE-4F22-B13C-B0A072DEF0C3}.Release|TwinCAT OS (ARMT2).Build.0 = Release|Any CPU
		{96785DFD-51DE-4F22-B13C-B0A072DEF0C3}.Release|TwinCAT RT (x64).ActiveCfg = Release|Any CPU
		{96785DFD-51DE-4F22-B13C-B0A072DEF0C3}.Release|TwinCAT RT (x64).Build.0 = Release|Any CPU
		{96785DFD-51DE-4F22-B13C-B0A072DEF0C3}.Release|TwinCAT RT (x86).ActiveCfg = Release|Any CPU
		{96785DFD-51DE-4F22-B13C-B0A072DEF0C3}.Release|TwinCAT RT (x86).Build.0 = Release|Any CPU
		{79CDEB50-D4A4-4BCD-B53E-FA403D43DC46}.Debug|Any CPU.ActiveCfg = Debug|TwinCAT RT (x64)
		{79CDEB50-D4A4-4BCD-B53E-FA403D43DC46}.Debug|Any CPU.Build.0 = Debug|TwinCAT RT (x64)
		{79CDEB50-D4A4-4BCD-B53E-FA403D43DC46}.Debug|TwinCAT CE7 (ARMV7).ActiveCfg = Debug|TwinCAT CE7 (ARMV7)
		{79CDEB50-D4A4-4BCD-B53E-FA403D43DC46}.Debug|TwinCAT CE7 (ARMV7).Build.0 = Debug|TwinCAT CE7 (ARMV7)
		{79CDEB50-D4A4-4BCD-B53E-FA403D43DC46}.Debug|TwinCAT OS (ARMT2).ActiveCfg = Debug|TwinCAT OS (ARMT2)
		{79CDEB50-D4A4-4BCD-B53E-FA403D43DC46}.Debug|TwinCAT OS (ARMT2).Build.0 = Debug|TwinCAT OS (ARMT2)
		{79CDEB50-D4A4-4BCD-B53E-FA403D43DC46}.Debug|TwinCAT RT (x64).ActiveCfg = Debug|TwinCAT RT (x64)
		{79CDEB50-D4A4-4BCD-B53E-FA403D43DC46}.Debug|TwinCAT RT (x64).Build.0 = Debug|TwinCAT RT (x64)
		{79CDEB50-D4A4-4BCD-B53E-FA403D43DC46}.Debug|TwinCAT RT (x86).ActiveCfg = Debug|TwinCAT RT (x86)
		{79CDEB50-D4A4-4BCD-B53E-FA403D43DC46}.Debug|TwinCAT RT (x86).Build.0 = Debug|TwinCAT RT (x86)
		{79CDEB50-D4A4-4BCD-B53E-FA403D43DC46}.Release|Any CPU.ActiveCfg = Release|TwinCAT RT (x64)
		{79CDEB50-D4A4-4BCD-B53E-FA403D43DC46}.Release|Any CPU.Build.0 = Release|TwinCAT RT (x64)
		{79CDEB50-D4A4-4BCD-B53E-FA403D43DC46}.Release|TwinCAT CE7 (ARMV7).ActiveCfg = Release|TwinCAT CE7 (ARMV7)
		{79CDEB50-D4A4-4BCD-B53E-FA403D43DC46}.Release|TwinCAT CE7 (ARMV7).Build.0 = Release|TwinCAT CE7 (ARMV7)
		{79CDEB50-D4A4-4BCD-B53E-FA403D43DC46}.Release|TwinCAT OS (ARMT2).ActiveCfg = Release|TwinCAT OS (ARMT2)
		{79CDEB50-D4A4-4BCD-B53E-FA403D43DC46}.Release|TwinCAT OS (ARMT2).Build.0 = Release|TwinCAT OS (ARMT2)
		{79CDEB50-D4A4-4BCD-B53E-FA403D43DC46}.Release|TwinCAT RT (x64).ActiveCfg = Release|TwinCAT RT (x64)
		{79CDEB50-D4A4-4BCD-B53E-FA403D43DC46}.Release|TwinCAT RT (x64).Build.0 = Release|TwinCAT RT (x64)
		{79CDEB50-D4A4-4BCD-B53E-FA403D43DC46}.Release|TwinCAT RT (x86).ActiveCfg = Release|TwinCAT RT (x86)
		{79CDEB50-D4A4-4BCD-B53E-FA403D43DC46}.Release|TwinCAT RT (x86).Build.0 = Release|TwinCAT RT (x86)
	EndGlobalSection
	GlobalSection(SolutionProperties) = preSolution
		HideSolutionNode = FALSE
	EndGlobalSection
	GlobalSection(NestedProjects) = preSolution
		{CF609F06-F1DA-4163-9577-B887F9FE3B3A} = {CA57389E-0F60-4A97-A97F-47C71492EC35}
		{3E8066E3-40F3-4070-A503-72586426B173} = {CA57389E-0F60-4A97-A97F-47C71492EC35}
		{7AE2A979-C3A3-4E34-82E9-4510FC3ECE65} = {51750A27-B993-4FDA-9B03-DF95D59A7C6F}
		{CB892AC2-0871-48B6-ADDB-3F140C3EF68E} = {CA57389E-0F60-4A97-A97F-47C71492EC35}
		{4A73D0C2-E2F9-47FB-814E-07F667CEDE22} = {51750A27-B993-4FDA-9B03-DF95D59A7C6F}
		{58D6B92E-B1EB-47DC-AEF1-D477D3A9D0E8} = {51750A27-B993-4FDA-9B03-DF95D59A7C6F}
		{71FFF78E-DD02-44DC-9153-208EC22C15C2} = {51750A27-B993-4FDA-9B03-DF95D59A7C6F}
		{C6B6E391-A9DA-4BAD-A62E-89651A65103D} = {51750A27-B993-4FDA-9B03-DF95D59A7C6F}
		{54C196D2-4BD2-4D3B-805B-7BB0D9D9DFBF} = {51750A27-B993-4FDA-9B03-DF95D59A7C6F}
		{9211DACF-F9F2-4FC7-90EA-54DDD30746AE} = {CA57389E-0F60-4A97-A97F-47C71492EC35}
		{ADC25E02-895A-4367-967F-EB5DA5915E67} = {51750A27-B993-4FDA-9B03-DF95D59A7C6F}
		{891FC975-646B-4790-B68C-63DC3B04E661} = {51750A27-B993-4FDA-9B03-DF95D59A7C6F}
		{96785DFD-51DE-4F22-B13C-B0A072DEF0C3} = {51750A27-B993-4FDA-9B03-DF95D59A7C6F}
	EndGlobalSection
	GlobalSection(ExtensibilityGlobals) = postSolution
		SolutionGuid = {7A497AA4-8CE0-40C3-91EF-F344A9E130D5}
	EndGlobalSection
EndGlobal
